Microsoft Visual Studio Solution File, Format Version 12.00
# Visual Studio Version 17
VisualStudioVersion = 17.0.31903.59
MinimumVisualStudioVersion = 10.0.40219.1
Project("{FAE04EC0-301F-11D3-BF4B-00C04F79EFBC}") = "CustomizationHub.App", "src\CustomizationHub.App\CustomizationHub.App.csproj", "{74D27824-FF5A-47D5-92B2-457900EF6B90}"
EndProject
Project("{FAE04EC0-301F-11D3-BF4B-00C04F79EFBC}") = "Ultima", "src\UltimaSDK\Ultima.csproj", "{6DEC25E0-C631-4495-9471-4D5EBBEC88E9}"
EndProject
Project("{2150E333-8FDC-42A3-9474-1A3956D46DE8}") = "src", "src", "{77D58B3E-295D-42ED-80E0-88B30CD997D5}"
EndProject
Project("{FAE04EC0-301F-11D3-BF4B-00C04F79EFBC}") = "ArtAssetStudio", "src\ArtAssetStudio\ArtAssetStudio.csproj", "{C70249CE-814C-4993-A739-9662AD7116C4}"
EndProject
Global
	GlobalSection(SolutionConfigurationPlatforms) = preSolution
		Debug|Any CPU = Debug|Any CPU
		Release|Any CPU = Release|Any CPU
	EndGlobalSection
	GlobalSection(ProjectConfigurationPlatforms) = postSolution
		{74D27824-FF5A-47D5-92B2-457900EF6B90}.Debug|Any CPU.ActiveCfg = Debug|Any CPU
		{74D27824-FF5A-47D5-92B2-457900EF6B90}.Debug|Any CPU.Build.0 = Debug|Any CPU
		{74D27824-FF5A-47D5-92B2-457900EF6B90}.Release|Any CPU.ActiveCfg = Release|Any CPU
		{74D27824-FF5A-47D5-92B2-457900EF6B90}.Release|Any CPU.Build.0 = Release|Any CPU
		{6DEC25E0-C631-4495-9471-4D5EBBEC88E9}.Debug|Any CPU.ActiveCfg = Debug|Any CPU
		{6DEC25E0-C631-4495-9471-4D5EBBEC88E9}.Debug|Any CPU.Build.0 = Debug|Any CPU
		{6DEC25E0-C631-4495-9471-4D5EBBEC88E9}.Release|Any CPU.ActiveCfg = Release|Any CPU
		{6DEC25E0-C631-4495-9471-4D5EBBEC88E9}.Release|Any CPU.Build.0 = Release|Any CPU
		{C70249CE-814C-4993-A739-9662AD7116C4}.Debug|Any CPU.ActiveCfg = Debug|Any CPU
		{C70249CE-814C-4993-A739-9662AD7116C4}.Debug|Any CPU.Build.0 = Debug|Any CPU
		{C70249CE-814C-4993-A739-9662AD7116C4}.Release|Any CPU.ActiveCfg = Release|Any CPU
		{C70249CE-814C-4993-A739-9662AD7116C4}.Release|Any CPU.Build.0 = Release|Any CPU
	EndGlobalSection
	GlobalSection(SolutionProperties) = preSolution
		HideSolutionNode = FALSE
	EndGlobalSection
	GlobalSection(NestedProjects) = preSolution
		{C70249CE-814C-4993-A739-9662AD7116C4} = {77D58B3E-295D-42ED-80E0-88B30CD997D5}
	EndGlobalSection
EndGlobal
